// !$*UTF8*$!
{
	archiveVersion = 1;
	classes = {
	};
	objectVersion = 50;
	objects = {

/* Begin PBXBuildFile section */
		1E06B1572387EDE000B22AD0 /* ParchmentViewController.swift in Sources */ = {isa = PBXBuildFile; fileRef = 1E06B1562387EDE000B22AD0 /* ParchmentViewController.swift */; };
		1E381D2623F7EAD300C21B33 /* (null) in Embed Frameworks */ = {isa = PBXBuildFile; settings = {ATTRIBUTES = (CodeSignOnCopy, RemoveHeadersOnCopy, ); }; };
		1E3BB54B23F7E32000147F71 /* (null) in Embed Frameworks */ = {isa = PBXBuildFile; settings = {ATTRIBUTES = (CodeSignOnCopy, RemoveHeadersOnCopy, ); }; };
		1E3BE4E723F61D2800711951 /* AuthenticationHelper.swift in Sources */ = {isa = PBXBuildFile; fileRef = 1E3BE4E623F61D2800711951 /* AuthenticationHelper.swift */; };
		1E6330902310FA2900338625 /* AppDelegate.swift in Sources */ = {isa = PBXBuildFile; fileRef = 1E63308F2310FA2900338625 /* AppDelegate.swift */; };
		1E6330922310FA2900338625 /* LoginController.swift in Sources */ = {isa = PBXBuildFile; fileRef = 1E6330912310FA2900338625 /* LoginController.swift */; };
		1E6330952310FA2900338625 /* Main.storyboard in Resources */ = {isa = PBXBuildFile; fileRef = 1E6330932310FA2900338625 /* Main.storyboard */; };
		1E7C777B232B2F7100347AF2 /* Assets.xcassets in Resources */ = {isa = PBXBuildFile; fileRef = 1E7C777A232B2F7100347AF2 /* Assets.xcassets */; };
		1E7C777F232B333D00347AF2 /* Student.swift in Sources */ = {isa = PBXBuildFile; fileRef = 1E7C777E232B333D00347AF2 /* Student.swift */; };
		1EA0647423FF473400DE7E14 /* CompCollectionViewCell.swift in Sources */ = {isa = PBXBuildFile; fileRef = 1EA0647323FF473400DE7E14 /* CompCollectionViewCell.swift */; };
		1EA11D0B236418890086A7F1 /* DetailViewController.swift in Sources */ = {isa = PBXBuildFile; fileRef = 1EA11D0A236418890086A7F1 /* DetailViewController.swift */; };
		1EA11D0D236422C30086A7F1 /* Competence.swift in Sources */ = {isa = PBXBuildFile; fileRef = 1EA11D0C236422C30086A7F1 /* Competence.swift */; };
		1EA11D0F236596D30086A7F1 /* Launch Screen.storyboard in Resources */ = {isa = PBXBuildFile; fileRef = 1EA11D0E236596D30086A7F1 /* Launch Screen.storyboard */; };
		1EB34000241A309400D5F5A2 /* Subject.swift in Sources */ = {isa = PBXBuildFile; fileRef = 1EB33FFF241A309400D5F5A2 /* Subject.swift */; };
		1EB34002241A48BD00D5F5A2 /* SuggestionCollectionViewCell.swift in Sources */ = {isa = PBXBuildFile; fileRef = 1EB34001241A48BD00D5F5A2 /* SuggestionCollectionViewCell.swift */; };
		1EE22B6F234768D600B3C277 /* Qualification.swift in Sources */ = {isa = PBXBuildFile; fileRef = 1EE22B6E234768D600B3C277 /* Qualification.swift */; };
		1EE22B7123484FC800B3C277 /* TabBarViewController.swift in Sources */ = {isa = PBXBuildFile; fileRef = 1EE22B7023484FC800B3C277 /* TabBarViewController.swift */; };
		1EE22B732349D20700B3C277 /* CircularProgressBar.swift in Sources */ = {isa = PBXBuildFile; fileRef = 1EE22B722349D20700B3C277 /* CircularProgressBar.swift */; };
		1EF5E3282408898200EF4945 /* HeaderCollectionReusableView.swift in Sources */ = {isa = PBXBuildFile; fileRef = 1EF5E3272408898200EF4945 /* HeaderCollectionReusableView.swift */; };
		1EF5E32C2408AB9900EF4945 /* CompetenceDetailViewController.swift in Sources */ = {isa = PBXBuildFile; fileRef = 1EF5E32B2408AB9900EF4945 /* CompetenceDetailViewController.swift */; };
		1EF6FF402321F7D40041219A /* QualificationCell.swift in Sources */ = {isa = PBXBuildFile; fileRef = 1EF6FF3F2321F7D40041219A /* QualificationCell.swift */; };
		1EF6FF422321F98D0041219A /* Student.storyboard in Resources */ = {isa = PBXBuildFile; fileRef = 1EF6FF412321F98D0041219A /* Student.storyboard */; };
		1EF6FF44232200D80041219A /* WelcomeViewController.swift in Sources */ = {isa = PBXBuildFile; fileRef = 1EF6FF43232200D80041219A /* WelcomeViewController.swift */; };
		1EF6FF46232201530041219A /* QualificationViewController.swift in Sources */ = {isa = PBXBuildFile; fileRef = 1EF6FF45232201530041219A /* QualificationViewController.swift */; };
		6E9EE9FA876DEC16BAFC64C0 /* libPods-TAFEBuddySRV.a in Frameworks */ = {isa = PBXBuildFile; fileRef = 85FB7DDBE167D62760C2F4A9 /* libPods-TAFEBuddySRV.a */; };
/* End PBXBuildFile section */

/* Begin PBXCopyFilesBuildPhase section */
		1E3BB54C23F7E32000147F71 /* Embed Frameworks */ = {
			isa = PBXCopyFilesBuildPhase;
			buildActionMask = 2147483647;
			dstPath = "";
			dstSubfolderSpec = 10;
			files = (
				1E3BB54B23F7E32000147F71 /* (null) in Embed Frameworks */,
				1E381D2623F7EAD300C21B33 /* (null) in Embed Frameworks */,
			);
			name = "Embed Frameworks";
			runOnlyForDeploymentPostprocessing = 0;
		};
/* End PBXCopyFilesBuildPhase section */

/* Begin PBXFileReference section */
		1E06B1562387EDE000B22AD0 /* ParchmentViewController.swift */ = {isa = PBXFileReference; lastKnownFileType = sourcecode.swift; path = ParchmentViewController.swift; sourceTree = "<group>"; };
		1E3BE4E623F61D2800711951 /* AuthenticationHelper.swift */ = {isa = PBXFileReference; lastKnownFileType = sourcecode.swift; path = AuthenticationHelper.swift; sourceTree = "<group>"; };
		1E63308C2310FA2900338625 /* TAFEBuddySRV.app */ = {isa = PBXFileReference; explicitFileType = wrapper.application; includeInIndex = 0; path = TAFEBuddySRV.app; sourceTree = BUILT_PRODUCTS_DIR; };
		1E63308F2310FA2900338625 /* AppDelegate.swift */ = {isa = PBXFileReference; lastKnownFileType = sourcecode.swift; path = AppDelegate.swift; sourceTree = "<group>"; };
		1E6330912310FA2900338625 /* LoginController.swift */ = {isa = PBXFileReference; lastKnownFileType = sourcecode.swift; path = LoginController.swift; sourceTree = "<group>"; };
		1E6330942310FA2900338625 /* Base */ = {isa = PBXFileReference; lastKnownFileType = file.storyboard; name = Base; path = Base.lproj/Main.storyboard; sourceTree = "<group>"; };
		1E63309B2310FA2B00338625 /* Info.plist */ = {isa = PBXFileReference; lastKnownFileType = text.plist.xml; path = Info.plist; sourceTree = "<group>"; };
		1E7C777A232B2F7100347AF2 /* Assets.xcassets */ = {isa = PBXFileReference; lastKnownFileType = folder.assetcatalog; path = Assets.xcassets; sourceTree = "<group>"; };
		1E7C777E232B333D00347AF2 /* Student.swift */ = {isa = PBXFileReference; lastKnownFileType = sourcecode.swift; path = Student.swift; sourceTree = "<group>"; };
		1EA0647323FF473400DE7E14 /* CompCollectionViewCell.swift */ = {isa = PBXFileReference; lastKnownFileType = sourcecode.swift; path = CompCollectionViewCell.swift; sourceTree = "<group>"; };
		1EA11D0A236418890086A7F1 /* DetailViewController.swift */ = {isa = PBXFileReference; lastKnownFileType = sourcecode.swift; path = DetailViewController.swift; sourceTree = "<group>"; };
		1EA11D0C236422C30086A7F1 /* Competence.swift */ = {isa = PBXFileReference; lastKnownFileType = sourcecode.swift; path = Competence.swift; sourceTree = "<group>"; };
		1EA11D0E236596D30086A7F1 /* Launch Screen.storyboard */ = {isa = PBXFileReference; lastKnownFileType = file.storyboard; path = "Launch Screen.storyboard"; sourceTree = "<group>"; };
		1EB33FFF241A309400D5F5A2 /* Subject.swift */ = {isa = PBXFileReference; lastKnownFileType = sourcecode.swift; path = Subject.swift; sourceTree = "<group>"; };
		1EB34001241A48BD00D5F5A2 /* SuggestionCollectionViewCell.swift */ = {isa = PBXFileReference; lastKnownFileType = sourcecode.swift; path = SuggestionCollectionViewCell.swift; sourceTree = "<group>"; };
		1EE22B6E234768D600B3C277 /* Qualification.swift */ = {isa = PBXFileReference; lastKnownFileType = sourcecode.swift; path = Qualification.swift; sourceTree = "<group>"; };
		1EE22B7023484FC800B3C277 /* TabBarViewController.swift */ = {isa = PBXFileReference; lastKnownFileType = sourcecode.swift; path = TabBarViewController.swift; sourceTree = "<group>"; };
		1EE22B722349D20700B3C277 /* CircularProgressBar.swift */ = {isa = PBXFileReference; fileEncoding = 4; lastKnownFileType = sourcecode.swift; path = CircularProgressBar.swift; sourceTree = "<group>"; };
		1EF5E3272408898200EF4945 /* HeaderCollectionReusableView.swift */ = {isa = PBXFileReference; lastKnownFileType = sourcecode.swift; path = HeaderCollectionReusableView.swift; sourceTree = "<group>"; };
		1EF5E32B2408AB9900EF4945 /* CompetenceDetailViewController.swift */ = {isa = PBXFileReference; lastKnownFileType = sourcecode.swift; path = CompetenceDetailViewController.swift; sourceTree = "<group>"; };
		1EF6FF3F2321F7D40041219A /* QualificationCell.swift */ = {isa = PBXFileReference; lastKnownFileType = sourcecode.swift; path = QualificationCell.swift; sourceTree = "<group>"; };
		1EF6FF412321F98D0041219A /* Student.storyboard */ = {isa = PBXFileReference; lastKnownFileType = file.storyboard; path = Student.storyboard; sourceTree = "<group>"; };
		1EF6FF43232200D80041219A /* WelcomeViewController.swift */ = {isa = PBXFileReference; lastKnownFileType = sourcecode.swift; path = WelcomeViewController.swift; sourceTree = "<group>"; };
		1EF6FF45232201530041219A /* QualificationViewController.swift */ = {isa = PBXFileReference; lastKnownFileType = sourcecode.swift; path = QualificationViewController.swift; sourceTree = "<group>"; };
		85FB7DDBE167D62760C2F4A9 /* libPods-TAFEBuddySRV.a */ = {isa = PBXFileReference; explicitFileType = archive.ar; includeInIndex = 0; path = "libPods-TAFEBuddySRV.a"; sourceTree = BUILT_PRODUCTS_DIR; };
		D21CF263EFB1D1BE6192D949 /* Pods-TAFEBuddySRV.debug.xcconfig */ = {isa = PBXFileReference; includeInIndex = 1; lastKnownFileType = text.xcconfig; name = "Pods-TAFEBuddySRV.debug.xcconfig"; path = "Target Support Files/Pods-TAFEBuddySRV/Pods-TAFEBuddySRV.debug.xcconfig"; sourceTree = "<group>"; };
		E391480B1A11ED27CA3C9DC5 /* Pods-TAFEBuddySRV.release.xcconfig */ = {isa = PBXFileReference; includeInIndex = 1; lastKnownFileType = text.xcconfig; name = "Pods-TAFEBuddySRV.release.xcconfig"; path = "Target Support Files/Pods-TAFEBuddySRV/Pods-TAFEBuddySRV.release.xcconfig"; sourceTree = "<group>"; };
/* End PBXFileReference section */

/* Begin PBXFrameworksBuildPhase section */
		1E6330892310FA2900338625 /* Frameworks */ = {
			isa = PBXFrameworksBuildPhase;
			buildActionMask = 2147483647;
			files = (
				6E9EE9FA876DEC16BAFC64C0 /* libPods-TAFEBuddySRV.a in Frameworks */,
			);
			runOnlyForDeploymentPostprocessing = 0;
		};
/* End PBXFrameworksBuildPhase section */

/* Begin PBXGroup section */
		1E6330832310FA2900338625 = {
			isa = PBXGroup;
			children = (
				1E63308E2310FA2900338625 /* TAFEBuddySRV */,
				1E63308D2310FA2900338625 /* Products */,
				6A9957D2C93C33551871678D /* Pods */,
				D7BDAF3B1EAE4070B20794AF /* Frameworks */,
			);
			sourceTree = "<group>";
		};
		1E63308D2310FA2900338625 /* Products */ = {
			isa = PBXGroup;
			children = (
				1E63308C2310FA2900338625 /* TAFEBuddySRV.app */,
			);
			name = Products;
			sourceTree = "<group>";
		};
		1E63308E2310FA2900338625 /* TAFEBuddySRV */ = {
			isa = PBXGroup;
			children = (
				1E7C777A232B2F7100347AF2 /* Assets.xcassets */,
				1EF6FF3D2321F79D0041219A /* Models */,
				1EF6FF3C2321F7870041219A /* Controllers */,
				1EF6FF3B2321F7740041219A /* Views */,
				1EF6FF3A2321F75D0041219A /* Storyboards */,
				1E63308F2310FA2900338625 /* AppDelegate.swift */,
				1E63309B2310FA2B00338625 /* Info.plist */,
			);
			path = TAFEBuddySRV;
			sourceTree = "<group>";
		};
		1EF6FF3A2321F75D0041219A /* Storyboards */ = {
			isa = PBXGroup;
			children = (
				1E6330932310FA2900338625 /* Main.storyboard */,
				1EF6FF412321F98D0041219A /* Student.storyboard */,
				1EA11D0E236596D30086A7F1 /* Launch Screen.storyboard */,
			);
			path = Storyboards;
			sourceTree = "<group>";
		};
		1EF6FF3B2321F7740041219A /* Views */ = {
			isa = PBXGroup;
			children = (
				1EF6FF3E2321F7B20041219A /* Cell */,
			);
			path = Views;
			sourceTree = "<group>";
		};
		1EF6FF3C2321F7870041219A /* Controllers */ = {
			isa = PBXGroup;
			children = (
				1E6330912310FA2900338625 /* LoginController.swift */,
				1EF6FF43232200D80041219A /* WelcomeViewController.swift */,
				1EF6FF45232201530041219A /* QualificationViewController.swift */,
				1EE22B7023484FC800B3C277 /* TabBarViewController.swift */,
				1EA11D0A236418890086A7F1 /* DetailViewController.swift */,
				1E06B1562387EDE000B22AD0 /* ParchmentViewController.swift */,
				1EF5E32B2408AB9900EF4945 /* CompetenceDetailViewController.swift */,
			);
			path = Controllers;
			sourceTree = "<group>";
		};
		1EF6FF3D2321F79D0041219A /* Models */ = {
			isa = PBXGroup;
			children = (
				1EE22B722349D20700B3C277 /* CircularProgressBar.swift */,
				1E7C777E232B333D00347AF2 /* Student.swift */,
				1EE22B6E234768D600B3C277 /* Qualification.swift */,
				1EA11D0C236422C30086A7F1 /* Competence.swift */,
				1E3BE4E623F61D2800711951 /* AuthenticationHelper.swift */,
				1EB33FFF241A309400D5F5A2 /* Subject.swift */,
			);
			path = Models;
			sourceTree = "<group>";
		};
		1EF6FF3E2321F7B20041219A /* Cell */ = {
			isa = PBXGroup;
			children = (
				1EF6FF3F2321F7D40041219A /* QualificationCell.swift */,
				1EA0647323FF473400DE7E14 /* CompCollectionViewCell.swift */,
				1EF5E3272408898200EF4945 /* HeaderCollectionReusableView.swift */,
				1EB34001241A48BD00D5F5A2 /* SuggestionCollectionViewCell.swift */,
			);
			path = Cell;
			sourceTree = "<group>";
		};
		6A9957D2C93C33551871678D /* Pods */ = {
			isa = PBXGroup;
			children = (
				D21CF263EFB1D1BE6192D949 /* Pods-TAFEBuddySRV.debug.xcconfig */,
				E391480B1A11ED27CA3C9DC5 /* Pods-TAFEBuddySRV.release.xcconfig */,
			);
			path = Pods;
			sourceTree = "<group>";
		};
		D7BDAF3B1EAE4070B20794AF /* Frameworks */ = {
			isa = PBXGroup;
			children = (
				85FB7DDBE167D62760C2F4A9 /* libPods-TAFEBuddySRV.a */,
			);
			name = Frameworks;
			sourceTree = "<group>";
		};
/* End PBXGroup section */

/* Begin PBXNativeTarget section */
		1E63308B2310FA2900338625 /* TAFEBuddySRV */ = {
			isa = PBXNativeTarget;
			buildConfigurationList = 1E63309E2310FA2B00338625 /* Build configuration list for PBXNativeTarget "TAFEBuddySRV" */;
			buildPhases = (
				501709B3C1E6B204F5F2016B /* [CP] Check Pods Manifest.lock */,
				1E6330882310FA2900338625 /* Sources */,
				1E6330892310FA2900338625 /* Frameworks */,
				1E63308A2310FA2900338625 /* Resources */,
				1E3BB54C23F7E32000147F71 /* Embed Frameworks */,
			);
			buildRules = (
			);
			dependencies = (
			);
			name = TAFEBuddySRV;
			productName = TAFEBuddySRV;
			productReference = 1E63308C2310FA2900338625 /* TAFEBuddySRV.app */;
			productType = "com.apple.product-type.application";
		};
/* End PBXNativeTarget section */

/* Begin PBXProject section */
		1E6330842310FA2900338625 /* Project object */ = {
			isa = PBXProject;
			attributes = {
				LastSwiftUpdateCheck = 1030;
				LastUpgradeCheck = 1030;
				ORGANIZATIONNAME = "Jefferson Gomes";
				TargetAttributes = {
					1E63308B2310FA2900338625 = {
						CreatedOnToolsVersion = 10.3;
					};
				};
			};
			buildConfigurationList = 1E6330872310FA2900338625 /* Build configuration list for PBXProject "TAFEBuddySRV" */;
			compatibilityVersion = "Xcode 9.3";
			developmentRegion = en;
			hasScannedForEncodings = 0;
			knownRegions = (
				en,
				Base,
			);
			mainGroup = 1E6330832310FA2900338625;
			productRefGroup = 1E63308D2310FA2900338625 /* Products */;
			projectDirPath = "";
			projectRoot = "";
			targets = (
				1E63308B2310FA2900338625 /* TAFEBuddySRV */,
			);
		};
/* End PBXProject section */

/* Begin PBXResourcesBuildPhase section */
		1E63308A2310FA2900338625 /* Resources */ = {
			isa = PBXResourcesBuildPhase;
			buildActionMask = 2147483647;
			files = (
				1EF6FF422321F98D0041219A /* Student.storyboard in Resources */,
				1E7C777B232B2F7100347AF2 /* Assets.xcassets in Resources */,
				1EA11D0F236596D30086A7F1 /* Launch Screen.storyboard in Resources */,
				1E6330952310FA2900338625 /* Main.storyboard in Resources */,
			);
			runOnlyForDeploymentPostprocessing = 0;
		};
/* End PBXResourcesBuildPhase section */

/* Begin PBXShellScriptBuildPhase section */
		501709B3C1E6B204F5F2016B /* [CP] Check Pods Manifest.lock */ = {
			isa = PBXShellScriptBuildPhase;
			buildActionMask = 2147483647;
			files = (
			);
			inputFileListPaths = (
			);
			inputPaths = (
				"${PODS_PODFILE_DIR_PATH}/Podfile.lock",
				"${PODS_ROOT}/Manifest.lock",
			);
			name = "[CP] Check Pods Manifest.lock";
			outputFileListPaths = (
			);
			outputPaths = (
				"$(DERIVED_FILE_DIR)/Pods-TAFEBuddySRV-checkManifestLockResult.txt",
			);
			runOnlyForDeploymentPostprocessing = 0;
			shellPath = /bin/sh;
			shellScript = "diff \"${PODS_PODFILE_DIR_PATH}/Podfile.lock\" \"${PODS_ROOT}/Manifest.lock\" > /dev/null\nif [ $? != 0 ] ; then\n    # print error to STDERR\n    echo \"error: The sandbox is not in sync with the Podfile.lock. Run 'pod install' or update your CocoaPods installation.\" >&2\n    exit 1\nfi\n# This output is used by Xcode 'outputs' to avoid re-running this script phase.\necho \"SUCCESS\" > \"${SCRIPT_OUTPUT_FILE_0}\"\n";
			showEnvVarsInLog = 0;
		};
/* End PBXShellScriptBuildPhase section */

/* Begin PBXSourcesBuildPhase section */
		1E6330882310FA2900338625 /* Sources */ = {
			isa = PBXSourcesBuildPhase;
			buildActionMask = 2147483647;
			files = (
				1EA11D0B236418890086A7F1 /* DetailViewController.swift in Sources */,
				1EE22B7123484FC800B3C277 /* TabBarViewController.swift in Sources */,
				1E6330922310FA2900338625 /* LoginController.swift in Sources */,
				1EF5E32C2408AB9900EF4945 /* CompetenceDetailViewController.swift in Sources */,
				1E06B1572387EDE000B22AD0 /* ParchmentViewController.swift in Sources */,
				1EE22B732349D20700B3C277 /* CircularProgressBar.swift in Sources */,
				1E7C777F232B333D00347AF2 /* Student.swift in Sources */,
				1EF6FF44232200D80041219A /* WelcomeViewController.swift in Sources */,
				1E6330902310FA2900338625 /* AppDelegate.swift in Sources */,
				1EF6FF402321F7D40041219A /* QualificationCell.swift in Sources */,
				1EE22B6F234768D600B3C277 /* Qualification.swift in Sources */,
				1EA11D0D236422C30086A7F1 /* Competence.swift in Sources */,
				1EF5E3282408898200EF4945 /* HeaderCollectionReusableView.swift in Sources */,
				1EA0647423FF473400DE7E14 /* CompCollectionViewCell.swift in Sources */,
				1EB34002241A48BD00D5F5A2 /* SuggestionCollectionViewCell.swift in Sources */,
				1EF6FF46232201530041219A /* QualificationViewController.swift in Sources */,
				1EB34000241A309400D5F5A2 /* Subject.swift in Sources */,
				1E3BE4E723F61D2800711951 /* AuthenticationHelper.swift in Sources */,
			);
			runOnlyForDeploymentPostprocessing = 0;
		};
/* End PBXSourcesBuildPhase section */

/* Begin PBXVariantGroup section */
		1E6330932310FA2900338625 /* Main.storyboard */ = {
			isa = PBXVariantGroup;
			children = (
				1E6330942310FA2900338625 /* Base */,
			);
			name = Main.storyboard;
			sourceTree = "<group>";
		};
/* End PBXVariantGroup section */

/* Begin XCBuildConfiguration section */
		1E63309C2310FA2B00338625 /* Debug */ = {
			isa = XCBuildConfiguration;
			buildSettings = {
				ALWAYS_SEARCH_USER_PATHS = NO;
				CLANG_ANALYZER_NONNULL = YES;
				CLANG_ANALYZER_NUMBER_OBJECT_CONVERSION = YES_AGGRESSIVE;
				CLANG_CXX_LANGUAGE_STANDARD = "gnu++14";
				CLANG_CXX_LIBRARY = "libc++";
				CLANG_ENABLE_MODULES = YES;
				CLANG_ENABLE_OBJC_ARC = YES;
				CLANG_ENABLE_OBJC_WEAK = YES;
				CLANG_WARN_BLOCK_CAPTURE_AUTORELEASING = YES;
				CLANG_WARN_BOOL_CONVERSION = YES;
				CLANG_WARN_COMMA = YES;
				CLANG_WARN_CONSTANT_CONVERSION = YES;
				CLANG_WARN_DEPRECATED_OBJC_IMPLEMENTATIONS = YES;
				CLANG_WARN_DIRECT_OBJC_ISA_USAGE = YES_ERROR;
				CLANG_WARN_DOCUMENTATION_COMMENTS = YES;
				CLANG_WARN_EMPTY_BODY = YES;
				CLANG_WARN_ENUM_CONVERSION = YES;
				CLANG_WARN_INFINITE_RECURSION = YES;
				CLANG_WARN_INT_CONVERSION = YES;
				CLANG_WARN_NON_LITERAL_NULL_CONVERSION = YES;
				CLANG_WARN_OBJC_IMPLICIT_RETAIN_SELF = YES;
				CLANG_WARN_OBJC_LITERAL_CONVERSION = YES;
				CLANG_WARN_OBJC_ROOT_CLASS = YES_ERROR;
				CLANG_WARN_RANGE_LOOP_ANALYSIS = YES;
				CLANG_WARN_STRICT_PROTOTYPES = YES;
				CLANG_WARN_SUSPICIOUS_MOVE = YES;
				CLANG_WARN_UNGUARDED_AVAILABILITY = YES_AGGRESSIVE;
				CLANG_WARN_UNREACHABLE_CODE = YES;
				CLANG_WARN__DUPLICATE_METHOD_MATCH = YES;
				CODE_SIGN_IDENTITY = "iPhone Developer";
				COPY_PHASE_STRIP = NO;
				DEBUG_INFORMATION_FORMAT = dwarf;
				ENABLE_STRICT_OBJC_MSGSEND = YES;
				ENABLE_TESTABILITY = YES;
				GCC_C_LANGUAGE_STANDARD = gnu11;
				GCC_DYNAMIC_NO_PIC = NO;
				GCC_NO_COMMON_BLOCKS = YES;
				GCC_OPTIMIZATION_LEVEL = 0;
				GCC_PREPROCESSOR_DEFINITIONS = (
					"DEBUG=1",
					"$(inherited)",
				);
				GCC_WARN_64_TO_32_BIT_CONVERSION = YES;
				GCC_WARN_ABOUT_RETURN_TYPE = YES_ERROR;
				GCC_WARN_UNDECLARED_SELECTOR = YES;
				GCC_WARN_UNINITIALIZED_AUTOS = YES_AGGRESSIVE;
				GCC_WARN_UNUSED_FUNCTION = YES;
				GCC_WARN_UNUSED_VARIABLE = YES;
				IPHONEOS_DEPLOYMENT_TARGET = 12.4;
				MTL_ENABLE_DEBUG_INFO = INCLUDE_SOURCE;
				MTL_FAST_MATH = YES;
				ONLY_ACTIVE_ARCH = YES;
				SDKROOT = iphoneos;
				SWIFT_ACTIVE_COMPILATION_CONDITIONS = DEBUG;
				SWIFT_OPTIMIZATION_LEVEL = "-Onone";
			};
			name = Debug;
		};
		1E63309D2310FA2B00338625 /* Release */ = {
			isa = XCBuildConfiguration;
			buildSettings = {
				ALWAYS_SEARCH_USER_PATHS = NO;
				CLANG_ANALYZER_NONNULL = YES;
				CLANG_ANALYZER_NUMBER_OBJECT_CONVERSION = YES_AGGRESSIVE;
				CLANG_CXX_LANGUAGE_STANDARD = "gnu++14";
				CLANG_CXX_LIBRARY = "libc++";
				CLANG_ENABLE_MODULES = YES;
				CLANG_ENABLE_OBJC_ARC = YES;
				CLANG_ENABLE_OBJC_WEAK = YES;
				CLANG_WARN_BLOCK_CAPTURE_AUTORELEASING = YES;
				CLANG_WARN_BOOL_CONVERSION = YES;
				CLANG_WARN_COMMA = YES;
				CLANG_WARN_CONSTANT_CONVERSION = YES;
				CLANG_WARN_DEPRECATED_OBJC_IMPLEMENTATIONS = YES;
				CLANG_WARN_DIRECT_OBJC_ISA_USAGE = YES_ERROR;
				CLANG_WARN_DOCUMENTATION_COMMENTS = YES;
				CLANG_WARN_EMPTY_BODY = YES;
				CLANG_WARN_ENUM_CONVERSION = YES;
				CLANG_WARN_INFINITE_RECURSION = YES;
				CLANG_WARN_INT_CONVERSION = YES;
				CLANG_WARN_NON_LITERAL_NULL_CONVERSION = YES;
				CLANG_WARN_OBJC_IMPLICIT_RETAIN_SELF = YES;
				CLANG_WARN_OBJC_LITERAL_CONVERSION = YES;
				CLANG_WARN_OBJC_ROOT_CLASS = YES_ERROR;
				CLANG_WARN_RANGE_LOOP_ANALYSIS = YES;
				CLANG_WARN_STRICT_PROTOTYPES = YES;
				CLANG_WARN_SUSPICIOUS_MOVE = YES;
				CLANG_WARN_UNGUARDED_AVAILABILITY = YES_AGGRESSIVE;
				CLANG_WARN_UNREACHABLE_CODE = YES;
				CLANG_WARN__DUPLICATE_METHOD_MATCH = YES;
				CODE_SIGN_IDENTITY = "iPhone Developer";
				COPY_PHASE_STRIP = NO;
				DEBUG_INFORMATION_FORMAT = "dwarf-with-dsym";
				ENABLE_NS_ASSERTIONS = NO;
				ENABLE_STRICT_OBJC_MSGSEND = YES;
				GCC_C_LANGUAGE_STANDARD = gnu11;
				GCC_NO_COMMON_BLOCKS = YES;
				GCC_WARN_64_TO_32_BIT_CONVERSION = YES;
				GCC_WARN_ABOUT_RETURN_TYPE = YES_ERROR;
				GCC_WARN_UNDECLARED_SELECTOR = YES;
				GCC_WARN_UNINITIALIZED_AUTOS = YES_AGGRESSIVE;
				GCC_WARN_UNUSED_FUNCTION = YES;
				GCC_WARN_UNUSED_VARIABLE = YES;
				IPHONEOS_DEPLOYMENT_TARGET = 12.4;
				MTL_ENABLE_DEBUG_INFO = NO;
				MTL_FAST_MATH = YES;
				SDKROOT = iphoneos;
				SWIFT_COMPILATION_MODE = wholemodule;
				SWIFT_OPTIMIZATION_LEVEL = "-O";
				VALIDATE_PRODUCT = YES;
			};
			name = Release;
		};
		1E63309F2310FA2B00338625 /* Debug */ = {
			isa = XCBuildConfiguration;
			baseConfigurationReference = D21CF263EFB1D1BE6192D949 /* Pods-TAFEBuddySRV.debug.xcconfig */;
			buildSettings = {
				ASSETCATALOG_COMPILER_APPICON_NAME = AppIcon;
				CODE_SIGN_STYLE = Automatic;
				DEVELOPMENT_TEAM = Z8B7K6MV22;
				INFOPLIST_FILE = TAFEBuddySRV/Info.plist;
				LD_RUNPATH_SEARCH_PATHS = (
					"$(inherited)",
					"@executable_path/Frameworks",
				);
				PRODUCT_BUNDLE_IDENTIFIER = com.tafe.TAFEBuddySRV;
				PRODUCT_NAME = "$(TARGET_NAME)";
				SWIFT_VERSION = 5.0;
				TARGETED_DEVICE_FAMILY = "1,2";
			};
			name = Debug;
		};
		1E6330A02310FA2B00338625 /* Release */ = {
			isa = XCBuildConfiguration;
			baseConfigurationReference = E391480B1A11ED27CA3C9DC5 /* Pods-TAFEBuddySRV.release.xcconfig */;
			buildSettings = {
				ASSETCATALOG_COMPILER_APPICON_NAME = AppIcon;
				CODE_SIGN_STYLE = Automatic;
				DEVELOPMENT_TEAM = Z8B7K6MV22;
				INFOPLIST_FILE = TAFEBuddySRV/Info.plist;
				LD_RUNPATH_SEARCH_PATHS = (
					"$(inherited)",
					"@executable_path/Frameworks",
				);
				PRODUCT_BUNDLE_IDENTIFIER = com.tafe.TAFEBuddySRV;
				PRODUCT_NAME = "$(TARGET_NAME)";
				SWIFT_VERSION = 5.0;
				TARGETED_DEVICE_FAMILY = "1,2";
			};
			name = Release;
		};
/* End XCBuildConfiguration section */

/* Begin XCConfigurationList section */
		1E6330872310FA2900338625 /* Build configuration list for PBXProject "TAFEBuddySRV" */ = {
			isa = XCConfigurationList;
			buildConfigurations = (
				1E63309C2310FA2B00338625 /* Debug */,
				1E63309D2310FA2B00338625 /* Release */,
			);
			defaultConfigurationIsVisible = 0;
			defaultConfigurationName = Release;
		};
		1E63309E2310FA2B00338625 /* Build configuration list for PBXNativeTarget "TAFEBuddySRV" */ = {
			isa = XCConfigurationList;
			buildConfigurations = (
				1E63309F2310FA2B00338625 /* Debug */,
				1E6330A02310FA2B00338625 /* Release */,
			);
			defaultConfigurationIsVisible = 0;
			defaultConfigurationName = Release;
		};
/* End XCConfigurationList section */
	};
	rootObject = 1E6330842310FA2900338625 /* Project object */;
}
